
Microsoft Visual Studio Solution File, Format Version 12.00
# Visual Studio 15
VisualStudioVersion = 15.0.27703.2026
MinimumVisualStudioVersion = 10.0.40219.1
Project("{FAE04EC0-301F-11D3-BF4B-00C04F79EFBC}") = "BlogWeb", "BlogWeb\BlogWeb.csproj", "{2C6C9239-87EC-493A-80C0-3ADDD2A7A410}"
EndProject
Global
	GlobalSection(SolutionConfigurationPlatforms) = preSolution
		Debug|Any CPU = Debug|Any CPU
		Release|Any CPU = Release|Any CPU
	EndGlobalSection
	GlobalSection(ProjectConfigurationPlatforms) = postSolution
		{2C6C9239-87EC-493A-80C0-3ADDD2A7A410}.Debug|Any CPU.ActiveCfg = Debug|Any CPU
		{2C6C9239-87EC-493A-80C0-3ADDD2A7A410}.Debug|Any CPU.Build.0 = Debug|Any CPU
		{2C6C9239-87EC-493A-80C0-3ADDD2A7A410}.Release|Any CPU.ActiveCfg = Release|Any CPU
		{2C6C9239-87EC-493A-80C0-3ADDD2A7A410}.Release|Any CPU.Build.0 = Release|Any CPU
	EndGlobalSection
	GlobalSection(SolutionProperties) = preSolution
		HideSolutionNode = FALSE
	EndGlobalSection
	GlobalSection(ExtensibilityGlobals) = postSolution
		SolutionGuid = {207EB092-2A97-4F31-AA8F-5D49F67418CE}
	EndGlobalSection
EndGlobal
